Microsoft Visual Studio Solution File, Format Version 12.00
# Visual Studio Version 17
VisualStudioVersion = 17.5.2.0
MinimumVisualStudioVersion = 10.0.40219.1
Project("{FAE04EC0-301F-11D3-BF4B-00C04F79EFBC}") = "Image-Edge-Distance", "Image-Edge-Distance.csproj", "{0636473D-8A83-1C7B-4E65-3EEA2DE83DAD}"
EndProject
Global
	GlobalSection(SolutionConfigurationPlatforms) = preSolution
		Debug|Any CPU = Debug|Any CPU
		Release|Any CPU = Release|Any CPU
	EndGlobalSection
	GlobalSection(ProjectConfigurationPlatforms) = postSolution
		{0636473D-8A83-1C7B-4E65-3EEA2DE83DAD}.Debug|Any CPU.ActiveCfg = Debug|Any CPU
		{0636473D-8A83-1C7B-4E65-3EEA2DE83DAD}.Debug|Any CPU.Build.0 = Debug|Any CPU
		{0636473D-8A83-1C7B-4E65-3EEA2DE83DAD}.Release|Any CPU.ActiveCfg = Release|Any CPU
		{0636473D-8A83-1C7B-4E65-3EEA2DE83DAD}.Release|Any CPU.Build.0 = Release|Any CPU
	EndGlobalSection
	GlobalSection(SolutionProperties) = preSolution
		HideSolutionNode = FALSE
	EndGlobalSection
	GlobalSection(ExtensibilityGlobals) = postSolution
		SolutionGuid = {F3D162A0-4E8A-43E0-B379-596D4F739825}
	EndGlobalSection
EndGlobal
